%{
  "elixir_uuid": {:hex, :elixir_uuid, "1.2.1", "dce506597acb7e6b0daeaff52ff6a9043f5919a4c3315abb4143f0b00378c097", [:mix], [], "hexpm", "f7eba2ea6c3555cea09706492716b0d87397b88946e6380898c2889d68585752"},
  "ex_cucumber_messages": {:hex, :ex_cucumber_messages, "0.1.0", "6da163f51e73dd7a8a92df5d3151ee4024dddfd9bfeb8349413a60e3fda92a9e", [:mix], [{:jason, "~> 1.2", [hex: :jason, repo: "hexpm", optional: false]}, {:protox, "~> 0.25.0", [hex: :protox, repo: "hexpm", optional: false]}], "hexpm", "5fc214c7b3bb3cb22f1c46d9a849d1b7067b50fc5e5282ed65a747252613c37d"},
  "jason": {:hex, :jason, "1.2.1", "12b22825e22f468c02eb3e4b9985f3d0cb8dc40b9bd704730efa11abd2708c44", [:mix], [{:decimal, "~> 1.0", [hex: :decimal, repo: "hexpm", optional: true]}], "hexpm", "b659b8571deedf60f79c5a608e15414085fa141344e2716fbd6988a084b5f993"},
  "protox": {:hex, :protox, "0.25.0", "33ae92ae6ff7a27248f99223fdf5367bf7e6a701ec194a57347b636665a80efc", [:mix], [], "hexpm", "92db1da2801e3b5f7bccf1591d05be00a13bef4768c64de51d26a00d98537fd2"},
}
